Microsoft Visual Studio Solution File, Format Version 12.00
# Visual Studio Version 17
VisualStudioVersion = 17.12.35424.110
MinimumVisualStudioVersion = 10.0.40219.1
Project("{FAE04EC0-301F-11D3-BF4B-00C04F79EFBC}") = "Riverside.GlowUI", "src\Riverside.GlowUI\Riverside.GlowUI.csproj", "{39D58D51-829F-4259-BD22-E65BFFB7D7A1}"
EndProject
Project("{FAE04EC0-301F-11D3-BF4B-00C04F79EFBC}") = "Crimson", "dev\Crimson\Crimson.csproj", "{36504A29-4989-42DD-9527-28F6F1E37EF2}"
EndProject
Project("{FAE04EC0-301F-11D3-BF4B-00C04F79EFBC}") = "Riverside.Toolkit.Controls.Slider", "dev\Riverside.Toolkit.Controls.Slider\Riverside.Toolkit.Controls.Slider.csproj", "{76674956-F022-4A51-A761-403E944C417E}"
EndProject
Project("{FAE04EC0-301F-11D3-BF4B-00C04F79EFBC}") = "Riverside.GlowUI.Materials", "src\Riverside.GlowUI.Materials\Riverside.GlowUI.Materials.csproj", "{E19D0B9E-25D9-49BD-8F1B-D3DA0C9C80D9}"
EndProject
Project("{FAE04EC0-301F-11D3-BF4B-00C04F79EFBC}") = "Riverside.Toolkit.WinUI", "src\platforms\Riverside.Toolkit.WinUI\Riverside.Toolkit.WinUI.csproj", "{DA7D22DD-A7F2-4F5A-9EA4-1B5BC66717EB}"
EndProject
Project("{FAE04EC0-301F-11D3-BF4B-00C04F79EFBC}") = "Riverside.Toolkit.Flyouts", "src\Riverside.Toolkit.Flyouts\Riverside.Toolkit.Flyouts.csproj", "{D088F44C-13F2-420E-95F9-105FA1AC49A8}"
EndProject
Project("{FAE04EC0-301F-11D3-BF4B-00C04F79EFBC}") = "Riverside.Toolkit.UITests", "tests\Riverside.Toolkit.UITests\Riverside.Toolkit.UITests.csproj", "{3A31D3ED-B0A5-4023-9E49-7E5F809094D5}"
EndProject
Project("{2150E333-8FDC-42A3-9474-1A3956D46DE8}") = "src", "src", "{58CE73C0-AA7E-43B7-AD2E-B66182029009}"
EndProject
Project("{2150E333-8FDC-42A3-9474-1A3956D46DE8}") = "dev", "dev", "{AA2D6A37-4CD0-4E8A-9661-9A28C07F7B91}"
EndProject
Project("{2150E333-8FDC-42A3-9474-1A3956D46DE8}") = "tests", "tests", "{ECDCDFAD-F6D7-4A50-9EA1-B50C7DC6DFC7}"
EndProject
Project("{2150E333-8FDC-42A3-9474-1A3956D46DE8}") = "eng", "eng", "{CED2FD51-11BB-4E91-959E-47BF1B8C87FC}"
	ProjectSection(SolutionItems) = preProject
		eng\AdditionalFiles.props = eng\AdditionalFiles.props
		eng\CurrentVersion.props = eng\CurrentVersion.props
		eng\PackageMetadata.props = eng\PackageMetadata.props
	EndProjectSection
EndProject
Project("{FAE04EC0-301F-11D3-BF4B-00C04F79EFBC}") = "Riverside.Alloy", "eng\alloy\src\Riverside.Alloy\Riverside.Alloy.csproj", "{73088968-5905-EC93-25F9-FACA42E0814D}"
EndProject
Project("{D954291E-2A0B-460D-934E-DC6B0785DB48}") = "Riverside.Toolkit.Controls", "src\core\Riverside.Toolkit.Controls\Riverside.Toolkit.Controls.shproj", "{19B394FA-B98D-48A5-8F1E-B26A9C8B5D02}"
EndProject
Project("{D954291E-2A0B-460D-934E-DC6B0785DB48}") = "Riverside.Toolkit.Helpers", "src\core\Riverside.Toolkit.Helpers\Riverside.Toolkit.Helpers.shproj", "{8EBAEA2A-405D-4F0F-ADCA-CEA72D53A527}"
EndProject
Project("{D954291E-2A0B-460D-934E-DC6B0785DB48}") = "Riverside.Toolkit.Icons", "src\core\Riverside.Toolkit.Icons\Riverside.Toolkit.Icons.shproj", "{7F5B70DD-156B-4126-9463-39AB04B696EA}"
EndProject
Project("{D954291E-2A0B-460D-934E-DC6B0785DB48}") = "Riverside.Toolkit.Services", "src\core\Riverside.Toolkit.Services\Riverside.Toolkit.Services.shproj", "{3B5EA938-C616-4C16-9903-79496026C076}"
EndProject
Project("{D954291E-2A0B-460D-934E-DC6B0785DB48}") = "Riverside.Toolkit.Converters", "src\core\Riverside.Toolkit.Converters\Riverside.Toolkit.Converters.shproj", "{8DAD09C9-FE74-41AA-8DFD-A0EEF93469AD}"
EndProject
Project("{D954291E-2A0B-460D-934E-DC6B0785DB48}") = "Riverside.Toolkit.Animations", "src\core\Riverside.Toolkit.Animations\Riverside.Toolkit.Animations.shproj", "{737E04D9-8A42-4A00-B819-4FC537669077}"
EndProject
Project("{2150E333-8FDC-42A3-9474-1A3956D46DE8}") = "core", "core", "{02EA681E-C7D8-13C7-8484-4AC65E1B71E8}"
EndProject
Project("{2150E333-8FDC-42A3-9474-1A3956D46DE8}") = "platforms", "platforms", "{AA619411-1D80-4167-9BB6-84534B676BEB}"
EndProject
Project("{FAE04EC0-301F-11D3-BF4B-00C04F79EFBC}") = "Riverside.Toolkit.Uwp", "src\Riverside.Toolkit.Uwp\Riverside.Toolkit.Uwp.csproj", "{B565C2F8-3DB1-4F68-BD20-F2067E895E5D}"
EndProject
Project("{D954291E-2A0B-460D-934E-DC6B0785DB48}") = "Riverside.Toolkit.Brushes", "src\core\Riverside.Toolkit.Brushes\Riverside.Toolkit.Brushes.shproj", "{BCDC11EC-A933-4B7B-829B-58AF5AA5DD14}"
EndProject
Global
	GlobalSection(SolutionConfigurationPlatforms) = preSolution
		Debug|Any CPU = Debug|Any CPU
		Release|Any CPU = Release|Any CPU
	EndGlobalSection
	GlobalSection(ProjectConfigurationPlatforms) = postSolution
		{39D58D51-829F-4259-BD22-E65BFFB7D7A1}.Debug|Any CPU.ActiveCfg = Debug|Any CPU
		{39D58D51-829F-4259-BD22-E65BFFB7D7A1}.Debug|Any CPU.Build.0 = Debug|Any CPU
		{39D58D51-829F-4259-BD22-E65BFFB7D7A1}.Release|Any CPU.ActiveCfg = Release|Any CPU
		{39D58D51-829F-4259-BD22-E65BFFB7D7A1}.Release|Any CPU.Build.0 = Release|Any CPU
		{36504A29-4989-42DD-9527-28F6F1E37EF2}.Debug|Any CPU.ActiveCfg = Debug|Any CPU
		{36504A29-4989-42DD-9527-28F6F1E37EF2}.Debug|Any CPU.Build.0 = Debug|Any CPU
		{36504A29-4989-42DD-9527-28F6F1E37EF2}.Release|Any CPU.ActiveCfg = Release|Any CPU
		{36504A29-4989-42DD-9527-28F6F1E37EF2}.Release|Any CPU.Build.0 = Release|Any CPU
		{76674956-F022-4A51-A761-403E944C417E}.Debug|Any CPU.ActiveCfg = Debug|Any CPU
		{76674956-F022-4A51-A761-403E944C417E}.Debug|Any CPU.Build.0 = Debug|Any CPU
		{76674956-F022-4A51-A761-403E944C417E}.Release|Any CPU.ActiveCfg = Release|Any CPU
		{76674956-F022-4A51-A761-403E944C417E}.Release|Any CPU.Build.0 = Release|Any CPU
		{E19D0B9E-25D9-49BD-8F1B-D3DA0C9C80D9}.Debug|Any CPU.ActiveCfg = Debug|Any CPU
		{E19D0B9E-25D9-49BD-8F1B-D3DA0C9C80D9}.Debug|Any CPU.Build.0 = Debug|Any CPU
		{E19D0B9E-25D9-49BD-8F1B-D3DA0C9C80D9}.Release|Any CPU.ActiveCfg = Release|Any CPU
		{E19D0B9E-25D9-49BD-8F1B-D3DA0C9C80D9}.Release|Any CPU.Build.0 = Release|Any CPU
		{DA7D22DD-A7F2-4F5A-9EA4-1B5BC66717EB}.Debug|Any CPU.ActiveCfg = Debug|Any CPU
		{DA7D22DD-A7F2-4F5A-9EA4-1B5BC66717EB}.Debug|Any CPU.Build.0 = Debug|Any CPU
		{DA7D22DD-A7F2-4F5A-9EA4-1B5BC66717EB}.Release|Any CPU.ActiveCfg = Release|Any CPU
		{DA7D22DD-A7F2-4F5A-9EA4-1B5BC66717EB}.Release|Any CPU.Build.0 = Release|Any CPU
		{D088F44C-13F2-420E-95F9-105FA1AC49A8}.Debug|Any CPU.ActiveCfg = Debug|Any CPU
		{D088F44C-13F2-420E-95F9-105FA1AC49A8}.Debug|Any CPU.Build.0 = Debug|Any CPU
		{D088F44C-13F2-420E-95F9-105FA1AC49A8}.Release|Any CPU.ActiveCfg = Release|Any CPU
		{D088F44C-13F2-420E-95F9-105FA1AC49A8}.Release|Any CPU.Build.0 = Release|Any CPU
		{3A31D3ED-B0A5-4023-9E49-7E5F809094D5}.Debug|Any CPU.ActiveCfg = Debug|x64
		{3A31D3ED-B0A5-4023-9E49-7E5F809094D5}.Debug|Any CPU.Build.0 = Debug|x64
		{3A31D3ED-B0A5-4023-9E49-7E5F809094D5}.Debug|Any CPU.Deploy.0 = Debug|x64
		{3A31D3ED-B0A5-4023-9E49-7E5F809094D5}.Release|Any CPU.ActiveCfg = Release|x64
		{3A31D3ED-B0A5-4023-9E49-7E5F809094D5}.Release|Any CPU.Build.0 = Release|x64
		{3A31D3ED-B0A5-4023-9E49-7E5F809094D5}.Release|Any CPU.Deploy.0 = Release|x64
		{73088968-5905-EC93-25F9-FACA42E0814D}.Debug|Any CPU.ActiveCfg = Debug|Any CPU
		{73088968-5905-EC93-25F9-FACA42E0814D}.Debug|Any CPU.Build.0 = Debug|Any CPU
		{73088968-5905-EC93-25F9-FACA42E0814D}.Release|Any CPU.ActiveCfg = Release|Any CPU
		{73088968-5905-EC93-25F9-FACA42E0814D}.Release|Any CPU.Build.0 = Release|Any CPU
		{B565C2F8-3DB1-4F68-BD20-F2067E895E5D}.Debug|Any CPU.ActiveCfg = Debug|Any CPU
		{B565C2F8-3DB1-4F68-BD20-F2067E895E5D}.Debug|Any CPU.Build.0 = Debug|Any CPU
		{B565C2F8-3DB1-4F68-BD20-F2067E895E5D}.Release|Any CPU.ActiveCfg = Release|Any CPU
		{B565C2F8-3DB1-4F68-BD20-F2067E895E5D}.Release|Any CPU.Build.0 = Release|Any CPU
	EndGlobalSection
	GlobalSection(SolutionProperties) = preSolution
		HideSolutionNode = FALSE
	EndGlobalSection
	GlobalSection(NestedProjects) = preSolution
		{39D58D51-829F-4259-BD22-E65BFFB7D7A1} = {58CE73C0-AA7E-43B7-AD2E-B66182029009}
		{36504A29-4989-42DD-9527-28F6F1E37EF2} = {AA2D6A37-4CD0-4E8A-9661-9A28C07F7B91}
		{76674956-F022-4A51-A761-403E944C417E} = {AA2D6A37-4CD0-4E8A-9661-9A28C07F7B91}
		{E19D0B9E-25D9-49BD-8F1B-D3DA0C9C80D9} = {58CE73C0-AA7E-43B7-AD2E-B66182029009}
		{DA7D22DD-A7F2-4F5A-9EA4-1B5BC66717EB} = {AA619411-1D80-4167-9BB6-84534B676BEB}
		{D088F44C-13F2-420E-95F9-105FA1AC49A8} = {58CE73C0-AA7E-43B7-AD2E-B66182029009}
		{3A31D3ED-B0A5-4023-9E49-7E5F809094D5} = {ECDCDFAD-F6D7-4A50-9EA1-B50C7DC6DFC7}
		{73088968-5905-EC93-25F9-FACA42E0814D} = {CED2FD51-11BB-4E91-959E-47BF1B8C87FC}
		{19B394FA-B98D-48A5-8F1E-B26A9C8B5D02} = {02EA681E-C7D8-13C7-8484-4AC65E1B71E8}
		{8EBAEA2A-405D-4F0F-ADCA-CEA72D53A527} = {02EA681E-C7D8-13C7-8484-4AC65E1B71E8}
		{7F5B70DD-156B-4126-9463-39AB04B696EA} = {02EA681E-C7D8-13C7-8484-4AC65E1B71E8}
		{3B5EA938-C616-4C16-9903-79496026C076} = {02EA681E-C7D8-13C7-8484-4AC65E1B71E8}
		{8DAD09C9-FE74-41AA-8DFD-A0EEF93469AD} = {02EA681E-C7D8-13C7-8484-4AC65E1B71E8}
		{737E04D9-8A42-4A00-B819-4FC537669077} = {02EA681E-C7D8-13C7-8484-4AC65E1B71E8}
		{02EA681E-C7D8-13C7-8484-4AC65E1B71E8} = {58CE73C0-AA7E-43B7-AD2E-B66182029009}
		{AA619411-1D80-4167-9BB6-84534B676BEB} = {58CE73C0-AA7E-43B7-AD2E-B66182029009}
		{B565C2F8-3DB1-4F68-BD20-F2067E895E5D} = {AA619411-1D80-4167-9BB6-84534B676BEB}
		{BCDC11EC-A933-4B7B-829B-58AF5AA5DD14} = {02EA681E-C7D8-13C7-8484-4AC65E1B71E8}
	EndGlobalSection
	GlobalSection(ExtensibilityGlobals) = postSolution
		SolutionGuid = {524016A6-E08B-4DAE-AE79-520996BA0E65}
	EndGlobalSection
	GlobalSection(SharedMSBuildProjectFiles) = preSolution
		src\core\Riverside.Toolkit.Controls\Riverside.Toolkit.Controls.projitems*{19b394fa-b98d-48a5-8f1e-b26a9c8b5d02}*SharedItemsImports = 13
		src\core\Riverside.Toolkit.Services\Riverside.Toolkit.Services.projitems*{3b5ea938-c616-4c16-9903-79496026c076}*SharedItemsImports = 13
		src\core\Riverside.Toolkit.Animations\Riverside.Toolkit.Animations.projitems*{737e04d9-8a42-4a00-b819-4fc537669077}*SharedItemsImports = 13
		src\core\Riverside.Toolkit.Icons\Riverside.Toolkit.Icons.projitems*{7f5b70dd-156b-4126-9463-39ab04b696ea}*SharedItemsImports = 13
		src\core\Riverside.Toolkit.Converters\Riverside.Toolkit.Converters.projitems*{8dad09c9-fe74-41aa-8dfd-a0eef93469ad}*SharedItemsImports = 13
		src\core\Riverside.Toolkit.Helpers\Riverside.Toolkit.Helpers.projitems*{8ebaea2a-405d-4f0f-adca-cea72d53a527}*SharedItemsImports = 13
		src\core\Riverside.Toolkit.Brushes\Riverside.Toolkit.Brushes.projitems*{bcdc11ec-a933-4b7b-829b-58af5aa5dd14}*SharedItemsImports = 13
	EndGlobalSection
EndGlobal
