Microsoft Visual Studio Solution File, Format Version 12.00
# Visual Studio Version 17
VisualStudioVersion = 17.12.35424.110
MinimumVisualStudioVersion = 10.0.40219.1
Project("{FAE04EC0-301F-11D3-BF4B-00C04F79EFBC}") = "Riverside.GlowUI", "dev\Riverside.GlowUI\Riverside.GlowUI.csproj", "{39D58D51-829F-4259-BD22-E65BFFB7D7A1}"
EndProject
Project("{FAE04EC0-301F-11D3-BF4B-00C04F79EFBC}") = "Riverside.GlowUI.Materials", "dev\Riverside.GlowUI.Materials\Riverside.GlowUI.Materials.csproj", "{E19D0B9E-25D9-49BD-8F1B-D3DA0C9C80D9}"
EndProject
Project("{FAE04EC0-301F-11D3-BF4B-00C04F79EFBC}") = "Riverside.Toolkit.UITests", "tests\Riverside.Toolkit.UITests\Riverside.Toolkit.UITests.csproj", "{3A31D3ED-B0A5-4023-9E49-7E5F809094D5}"
EndProject
Project("{2150E333-8FDC-42A3-9474-1A3956D46DE8}") = "src", "src", "{58CE73C0-AA7E-43B7-AD2E-B66182029009}"
EndProject
Project("{2150E333-8FDC-42A3-9474-1A3956D46DE8}") = "tests", "tests", "{ECDCDFAD-F6D7-4A50-9EA1-B50C7DC6DFC7}"
EndProject
Project("{2150E333-8FDC-42A3-9474-1A3956D46DE8}") = "eng", "eng", "{CED2FD51-11BB-4E91-959E-47BF1B8C87FC}"
	ProjectSection(SolutionItems) = preProject
		eng\AdditionalFiles.props = eng\AdditionalFiles.props
		eng\CurrentVersion.props = eng\CurrentVersion.props
		eng\GlobalUsings.cs = eng\GlobalUsings.cs
		eng\PackageLogo.png = eng\PackageLogo.png
		eng\PackageMetadata.props = eng\PackageMetadata.props
		eng\SharedCodeMapping.props = eng\SharedCodeMapping.props
		eng\Tooling.props = eng\Tooling.props
	EndProjectSection
EndProject
Project("{D954291E-2A0B-460D-934E-DC6B0785DB48}") = "Riverside.Toolkit.Controls", "src\core\Riverside.Toolkit.Controls\Riverside.Toolkit.Controls.shproj", "{19B394FA-B98D-48A5-8F1E-B26A9C8B5D02}"
EndProject
Project("{D954291E-2A0B-460D-934E-DC6B0785DB48}") = "Riverside.Toolkit.Helpers", "src\core\Riverside.Toolkit.Helpers\Riverside.Toolkit.Helpers.shproj", "{8EBAEA2A-405D-4F0F-ADCA-CEA72D53A527}"
EndProject
Project("{D954291E-2A0B-460D-934E-DC6B0785DB48}") = "Riverside.Toolkit.Icons", "src\core\Riverside.Toolkit.Icons\Riverside.Toolkit.Icons.shproj", "{7F5B70DD-156B-4126-9463-39AB04B696EA}"
EndProject
Project("{D954291E-2A0B-460D-934E-DC6B0785DB48}") = "Riverside.Toolkit.Services", "src\core\Riverside.Toolkit.Services\Riverside.Toolkit.Services.shproj", "{3B5EA938-C616-4C16-9903-79496026C076}"
EndProject
Project("{D954291E-2A0B-460D-934E-DC6B0785DB48}") = "Riverside.Toolkit.Converters", "src\core\Riverside.Toolkit.Converters\Riverside.Toolkit.Converters.shproj", "{8DAD09C9-FE74-41AA-8DFD-A0EEF93469AD}"
EndProject
Project("{D954291E-2A0B-460D-934E-DC6B0785DB48}") = "Riverside.Toolkit.Animations", "src\core\Riverside.Toolkit.Animations\Riverside.Toolkit.Animations.shproj", "{737E04D9-8A42-4A00-B819-4FC537669077}"
EndProject
Project("{2150E333-8FDC-42A3-9474-1A3956D46DE8}") = "core", "core", "{02EA681E-C7D8-13C7-8484-4AC65E1B71E8}"
EndProject
Project("{2150E333-8FDC-42A3-9474-1A3956D46DE8}") = "platforms", "platforms", "{AA619411-1D80-4167-9BB6-84534B676BEB}"
EndProject
Project("{D954291E-2A0B-460D-934E-DC6B0785DB48}") = "Riverside.Toolkit.Brushes", "src\core\Riverside.Toolkit.Brushes\Riverside.Toolkit.Brushes.shproj", "{BCDC11EC-A933-4B7B-829B-58AF5AA5DD14}"
EndProject
Project("{FAE04EC0-301F-11D3-BF4B-00C04F79EFBC}") = "Riverside.Toolkit.Uwp.Animations", "src\platforms\Riverside.Toolkit.Uwp.Animations\Riverside.Toolkit.Uwp.Animations.csproj", "{C51F5C87-F211-4072-B1F0-6C1367B31CDF}"
EndProject
Project("{FAE04EC0-301F-11D3-BF4B-00C04F79EFBC}") = "Riverside.Toolkit.Uwp.Brushes", "src\platforms\Riverside.Toolkit.Uwp.Brushes\Riverside.Toolkit.Uwp.Brushes.csproj", "{3D089F33-FB4B-4AE4-8208-AA7813538B00}"
EndProject
Project("{FAE04EC0-301F-11D3-BF4B-00C04F79EFBC}") = "Riverside.Toolkit.Uwp.Controls", "src\platforms\Riverside.Toolkit.Uwp.Controls\Riverside.Toolkit.Uwp.Controls.csproj", "{641D8078-40A5-4D8E-BA78-6FDFB29E4C65}"
EndProject
Project("{FAE04EC0-301F-11D3-BF4B-00C04F79EFBC}") = "Riverside.Toolkit.Uwp.Converters", "src\platforms\Riverside.Toolkit.Uwp.Converters\Riverside.Toolkit.Uwp.Converters.csproj", "{51A3AB3B-672D-40C3-9A4A-6BCCDF0486A9}"
EndProject
Project("{FAE04EC0-301F-11D3-BF4B-00C04F79EFBC}") = "Riverside.Toolkit.Uwp.Helpers", "src\platforms\Riverside.Toolkit.Uwp.Helpers\Riverside.Toolkit.Uwp.Helpers.csproj", "{5F02E135-6996-4FEA-B5C0-6632BB809D3D}"
EndProject
Project("{FAE04EC0-301F-11D3-BF4B-00C04F79EFBC}") = "Riverside.Toolkit.Uwp.Icons", "src\platforms\Riverside.Toolkit.Uwp.Icons\Riverside.Toolkit.Uwp.Icons.csproj", "{3E95BC91-1C4A-4F02-AF75-6AB809FD8E8C}"
EndProject
Project("{FAE04EC0-301F-11D3-BF4B-00C04F79EFBC}") = "Riverside.Toolkit.Uwp.Services", "src\platforms\Riverside.Toolkit.Uwp.Services\Riverside.Toolkit.Uwp.Services.csproj", "{582D77AA-34B5-41DC-9FDE-383D1EF5F1B0}"
EndProject
Project("{FAE04EC0-301F-11D3-BF4B-00C04F79EFBC}") = "Riverside.Toolkit.WinUI.Animations", "src\platforms\Riverside.Toolkit.WinUI.Animations\Riverside.Toolkit.WinUI.Animations.csproj", "{C86BE1EA-D056-442B-B09A-ED660763631B}"
EndProject
Project("{FAE04EC0-301F-11D3-BF4B-00C04F79EFBC}") = "Riverside.Toolkit.WinUI.Brushes", "src\platforms\Riverside.Toolkit.WinUI.Brushes\Riverside.Toolkit.WinUI.Brushes.csproj", "{F887F376-5221-4C82-9DED-0B991FB90D90}"
EndProject
Project("{FAE04EC0-301F-11D3-BF4B-00C04F79EFBC}") = "Riverside.Toolkit.WinUI.Controls", "src\platforms\Riverside.Toolkit.WinUI.Controls\Riverside.Toolkit.WinUI.Controls.csproj", "{E0EA4CE1-6B70-40B3-A5DE-8DAFEAE01FDC}"
EndProject
Project("{FAE04EC0-301F-11D3-BF4B-00C04F79EFBC}") = "Riverside.Toolkit.WinUI.Helpers", "src\platforms\Riverside.Toolkit.WinUI.Helpers\Riverside.Toolkit.WinUI.Helpers.csproj", "{245D1074-ABD4-456C-95D8-6C5F06CB6C9E}"
EndProject
Project("{FAE04EC0-301F-11D3-BF4B-00C04F79EFBC}") = "Riverside.Toolkit.WinUI.Icons", "src\platforms\Riverside.Toolkit.WinUI.Icons\Riverside.Toolkit.WinUI.Icons.csproj", "{81666F0E-D457-4634-84BB-20DF6D4CCFF4}"
EndProject
Project("{FAE04EC0-301F-11D3-BF4B-00C04F79EFBC}") = "Riverside.Toolkit.WinUI.Services", "src\platforms\Riverside.Toolkit.WinUI.Services\Riverside.Toolkit.WinUI.Services.csproj", "{5D3784A7-CC3B-43FE-8AF3-8C996ADBC4E1}"
EndProject
Project("{FAE04EC0-301F-11D3-BF4B-00C04F79EFBC}") = "Riverside.Toolkit.Flyouts", "dev\Riverside.Toolkit.Flyouts\Riverside.Toolkit.Flyouts.csproj", "{B1BBC377-DAE1-4638-5A7A-2AB159EE8BB8}"
EndProject
Project("{2150E333-8FDC-42A3-9474-1A3956D46DE8}") = "dev", "dev", "{2E2D7A71-B62D-4EE3-AC3E-1AECF61D0583}"
EndProject
Project("{2150E333-8FDC-42A3-9474-1A3956D46DE8}") = "extensions", "extensions", "{02EA681E-C7D8-13C7-8484-4AC65E1B71E8}"
EndProject
Project("{D954291E-2A0B-460D-934E-DC6B0785DB48}") = "Riverside.Extensions.UAP", "src\extensions\Riverside.Extensions.UAP\Riverside.Extensions.UAP.shproj", "{9A88290A-F721-47C8-B3F1-E9B8DC7EFF2E}"
EndProject
Project("{D954291E-2A0B-460D-934E-DC6B0785DB48}") = "Riverside.Extensions.WinUI", "src\extensions\Riverside.Extensions.WinUI\Riverside.Extensions.WinUI.shproj", "{A33F78A1-9797-47F2-A93E-BA1963E3C0BD}"
EndProject
Project("{D954291E-2A0B-460D-934E-DC6B0785DB48}") = "Riverside.Extensions.Versioning", "src\extensions\Riverside.Extensions.Versioning\Riverside.Extensions.Versioning.shproj", "{CDF12695-0331-4414-916C-C208FA39BA1E}"
EndProject
Global
	GlobalSection(SolutionConfigurationPlatforms) = preSolution
		Debug|Any CPU = Debug|Any CPU
		Release|Any CPU = Release|Any CPU
	EndGlobalSection
	GlobalSection(ProjectConfigurationPlatforms) = postSolution
		{39D58D51-829F-4259-BD22-E65BFFB7D7A1}.Debug|Any CPU.ActiveCfg = Debug|Any CPU
		{39D58D51-829F-4259-BD22-E65BFFB7D7A1}.Debug|Any CPU.Build.0 = Debug|Any CPU
		{39D58D51-829F-4259-BD22-E65BFFB7D7A1}.Release|Any CPU.ActiveCfg = Release|Any CPU
		{39D58D51-829F-4259-BD22-E65BFFB7D7A1}.Release|Any CPU.Build.0 = Release|Any CPU
		{E19D0B9E-25D9-49BD-8F1B-D3DA0C9C80D9}.Debug|Any CPU.ActiveCfg = Debug|Any CPU
		{E19D0B9E-25D9-49BD-8F1B-D3DA0C9C80D9}.Debug|Any CPU.Build.0 = Debug|Any CPU
		{E19D0B9E-25D9-49BD-8F1B-D3DA0C9C80D9}.Release|Any CPU.ActiveCfg = Release|Any CPU
		{E19D0B9E-25D9-49BD-8F1B-D3DA0C9C80D9}.Release|Any CPU.Build.0 = Release|Any CPU
		{3A31D3ED-B0A5-4023-9E49-7E5F809094D5}.Debug|Any CPU.ActiveCfg = Debug|x64
		{3A31D3ED-B0A5-4023-9E49-7E5F809094D5}.Debug|Any CPU.Build.0 = Debug|x64
		{3A31D3ED-B0A5-4023-9E49-7E5F809094D5}.Debug|Any CPU.Deploy.0 = Debug|x64
		{3A31D3ED-B0A5-4023-9E49-7E5F809094D5}.Release|Any CPU.ActiveCfg = Release|x64
		{3A31D3ED-B0A5-4023-9E49-7E5F809094D5}.Release|Any CPU.Build.0 = Release|x64
		{3A31D3ED-B0A5-4023-9E49-7E5F809094D5}.Release|Any CPU.Deploy.0 = Release|x64
		{C51F5C87-F211-4072-B1F0-6C1367B31CDF}.Debug|Any CPU.ActiveCfg = Debug|Any CPU
		{C51F5C87-F211-4072-B1F0-6C1367B31CDF}.Debug|Any CPU.Build.0 = Debug|Any CPU
		{C51F5C87-F211-4072-B1F0-6C1367B31CDF}.Release|Any CPU.ActiveCfg = Release|Any CPU
		{C51F5C87-F211-4072-B1F0-6C1367B31CDF}.Release|Any CPU.Build.0 = Release|Any CPU
		{3D089F33-FB4B-4AE4-8208-AA7813538B00}.Debug|Any CPU.ActiveCfg = Debug|Any CPU
		{3D089F33-FB4B-4AE4-8208-AA7813538B00}.Debug|Any CPU.Build.0 = Debug|Any CPU
		{3D089F33-FB4B-4AE4-8208-AA7813538B00}.Release|Any CPU.ActiveCfg = Release|Any CPU
		{3D089F33-FB4B-4AE4-8208-AA7813538B00}.Release|Any CPU.Build.0 = Release|Any CPU
		{641D8078-40A5-4D8E-BA78-6FDFB29E4C65}.Debug|Any CPU.ActiveCfg = Debug|Any CPU
		{641D8078-40A5-4D8E-BA78-6FDFB29E4C65}.Debug|Any CPU.Build.0 = Debug|Any CPU
		{641D8078-40A5-4D8E-BA78-6FDFB29E4C65}.Release|Any CPU.ActiveCfg = Release|Any CPU
		{641D8078-40A5-4D8E-BA78-6FDFB29E4C65}.Release|Any CPU.Build.0 = Release|Any CPU
		{51A3AB3B-672D-40C3-9A4A-6BCCDF0486A9}.Debug|Any CPU.ActiveCfg = Debug|Any CPU
		{51A3AB3B-672D-40C3-9A4A-6BCCDF0486A9}.Debug|Any CPU.Build.0 = Debug|Any CPU
		{51A3AB3B-672D-40C3-9A4A-6BCCDF0486A9}.Release|Any CPU.ActiveCfg = Release|Any CPU
		{51A3AB3B-672D-40C3-9A4A-6BCCDF0486A9}.Release|Any CPU.Build.0 = Release|Any CPU
		{5F02E135-6996-4FEA-B5C0-6632BB809D3D}.Debug|Any CPU.ActiveCfg = Debug|Any CPU
		{5F02E135-6996-4FEA-B5C0-6632BB809D3D}.Debug|Any CPU.Build.0 = Debug|Any CPU
		{5F02E135-6996-4FEA-B5C0-6632BB809D3D}.Release|Any CPU.ActiveCfg = Release|Any CPU
		{5F02E135-6996-4FEA-B5C0-6632BB809D3D}.Release|Any CPU.Build.0 = Release|Any CPU
		{3E95BC91-1C4A-4F02-AF75-6AB809FD8E8C}.Debug|Any CPU.ActiveCfg = Debug|Any CPU
		{3E95BC91-1C4A-4F02-AF75-6AB809FD8E8C}.Debug|Any CPU.Build.0 = Debug|Any CPU
		{3E95BC91-1C4A-4F02-AF75-6AB809FD8E8C}.Release|Any CPU.ActiveCfg = Release|Any CPU
		{3E95BC91-1C4A-4F02-AF75-6AB809FD8E8C}.Release|Any CPU.Build.0 = Release|Any CPU
		{582D77AA-34B5-41DC-9FDE-383D1EF5F1B0}.Debug|Any CPU.ActiveCfg = Debug|Any CPU
		{582D77AA-34B5-41DC-9FDE-383D1EF5F1B0}.Debug|Any CPU.Build.0 = Debug|Any CPU
		{582D77AA-34B5-41DC-9FDE-383D1EF5F1B0}.Release|Any CPU.ActiveCfg = Release|Any CPU
		{582D77AA-34B5-41DC-9FDE-383D1EF5F1B0}.Release|Any CPU.Build.0 = Release|Any CPU
		{C86BE1EA-D056-442B-B09A-ED660763631B}.Debug|Any CPU.ActiveCfg = Debug|Any CPU
		{C86BE1EA-D056-442B-B09A-ED660763631B}.Debug|Any CPU.Build.0 = Debug|Any CPU
		{C86BE1EA-D056-442B-B09A-ED660763631B}.Release|Any CPU.ActiveCfg = Release|Any CPU
		{C86BE1EA-D056-442B-B09A-ED660763631B}.Release|Any CPU.Build.0 = Release|Any CPU
		{F887F376-5221-4C82-9DED-0B991FB90D90}.Debug|Any CPU.ActiveCfg = Debug|Any CPU
		{F887F376-5221-4C82-9DED-0B991FB90D90}.Debug|Any CPU.Build.0 = Debug|Any CPU
		{F887F376-5221-4C82-9DED-0B991FB90D90}.Release|Any CPU.ActiveCfg = Release|Any CPU
		{F887F376-5221-4C82-9DED-0B991FB90D90}.Release|Any CPU.Build.0 = Release|Any CPU
		{E0EA4CE1-6B70-40B3-A5DE-8DAFEAE01FDC}.Debug|Any CPU.ActiveCfg = Debug|Any CPU
		{E0EA4CE1-6B70-40B3-A5DE-8DAFEAE01FDC}.Debug|Any CPU.Build.0 = Debug|Any CPU
		{E0EA4CE1-6B70-40B3-A5DE-8DAFEAE01FDC}.Release|Any CPU.ActiveCfg = Release|Any CPU
		{E0EA4CE1-6B70-40B3-A5DE-8DAFEAE01FDC}.Release|Any CPU.Build.0 = Release|Any CPU
		{245D1074-ABD4-456C-95D8-6C5F06CB6C9E}.Debug|Any CPU.ActiveCfg = Debug|Any CPU
		{245D1074-ABD4-456C-95D8-6C5F06CB6C9E}.Debug|Any CPU.Build.0 = Debug|Any CPU
		{245D1074-ABD4-456C-95D8-6C5F06CB6C9E}.Release|Any CPU.ActiveCfg = Release|Any CPU
		{245D1074-ABD4-456C-95D8-6C5F06CB6C9E}.Release|Any CPU.Build.0 = Release|Any CPU
		{81666F0E-D457-4634-84BB-20DF6D4CCFF4}.Debug|Any CPU.ActiveCfg = Debug|Any CPU
		{81666F0E-D457-4634-84BB-20DF6D4CCFF4}.Debug|Any CPU.Build.0 = Debug|Any CPU
		{81666F0E-D457-4634-84BB-20DF6D4CCFF4}.Release|Any CPU.ActiveCfg = Release|Any CPU
		{81666F0E-D457-4634-84BB-20DF6D4CCFF4}.Release|Any CPU.Build.0 = Release|Any CPU
		{5D3784A7-CC3B-43FE-8AF3-8C996ADBC4E1}.Debug|Any CPU.ActiveCfg = Debug|Any CPU
		{5D3784A7-CC3B-43FE-8AF3-8C996ADBC4E1}.Debug|Any CPU.Build.0 = Debug|Any CPU
		{5D3784A7-CC3B-43FE-8AF3-8C996ADBC4E1}.Release|Any CPU.ActiveCfg = Release|Any CPU
		{5D3784A7-CC3B-43FE-8AF3-8C996ADBC4E1}.Release|Any CPU.Build.0 = Release|Any CPU
		{B1BBC377-DAE1-4638-5A7A-2AB159EE8BB8}.Debug|Any CPU.ActiveCfg = Debug|Any CPU
		{B1BBC377-DAE1-4638-5A7A-2AB159EE8BB8}.Debug|Any CPU.Build.0 = Debug|Any CPU
		{B1BBC377-DAE1-4638-5A7A-2AB159EE8BB8}.Release|Any CPU.ActiveCfg = Release|Any CPU
		{B1BBC377-DAE1-4638-5A7A-2AB159EE8BB8}.Release|Any CPU.Build.0 = Release|Any CPU
	EndGlobalSection
	GlobalSection(SolutionProperties) = preSolution
		HideSolutionNode = FALSE
	EndGlobalSection
	GlobalSection(NestedProjects) = preSolution
		{39D58D51-829F-4259-BD22-E65BFFB7D7A1} = {2E2D7A71-B62D-4EE3-AC3E-1AECF61D0583}
		{E19D0B9E-25D9-49BD-8F1B-D3DA0C9C80D9} = {2E2D7A71-B62D-4EE3-AC3E-1AECF61D0583}
		{3A31D3ED-B0A5-4023-9E49-7E5F809094D5} = {ECDCDFAD-F6D7-4A50-9EA1-B50C7DC6DFC7}
		{19B394FA-B98D-48A5-8F1E-B26A9C8B5D02} = {02EA681E-C7D8-13C7-8484-4AC65E1B71E8}
		{8EBAEA2A-405D-4F0F-ADCA-CEA72D53A527} = {02EA681E-C7D8-13C7-8484-4AC65E1B71E8}
		{7F5B70DD-156B-4126-9463-39AB04B696EA} = {02EA681E-C7D8-13C7-8484-4AC65E1B71E8}
		{3B5EA938-C616-4C16-9903-79496026C076} = {02EA681E-C7D8-13C7-8484-4AC65E1B71E8}
		{8DAD09C9-FE74-41AA-8DFD-A0EEF93469AD} = {02EA681E-C7D8-13C7-8484-4AC65E1B71E8}
		{737E04D9-8A42-4A00-B819-4FC537669077} = {02EA681E-C7D8-13C7-8484-4AC65E1B71E8}
		{02EA681E-C7D8-13C7-8484-4AC65E1B71E8} = {58CE73C0-AA7E-43B7-AD2E-B66182029009}
		{AA619411-1D80-4167-9BB6-84534B676BEB} = {58CE73C0-AA7E-43B7-AD2E-B66182029009}
		{BCDC11EC-A933-4B7B-829B-58AF5AA5DD14} = {02EA681E-C7D8-13C7-8484-4AC65E1B71E8}
		{C51F5C87-F211-4072-B1F0-6C1367B31CDF} = {AA619411-1D80-4167-9BB6-84534B676BEB}
		{3D089F33-FB4B-4AE4-8208-AA7813538B00} = {AA619411-1D80-4167-9BB6-84534B676BEB}
		{641D8078-40A5-4D8E-BA78-6FDFB29E4C65} = {AA619411-1D80-4167-9BB6-84534B676BEB}
		{51A3AB3B-672D-40C3-9A4A-6BCCDF0486A9} = {AA619411-1D80-4167-9BB6-84534B676BEB}
		{5F02E135-6996-4FEA-B5C0-6632BB809D3D} = {AA619411-1D80-4167-9BB6-84534B676BEB}
		{3E95BC91-1C4A-4F02-AF75-6AB809FD8E8C} = {AA619411-1D80-4167-9BB6-84534B676BEB}
		{582D77AA-34B5-41DC-9FDE-383D1EF5F1B0} = {AA619411-1D80-4167-9BB6-84534B676BEB}
		{C86BE1EA-D056-442B-B09A-ED660763631B} = {AA619411-1D80-4167-9BB6-84534B676BEB}
		{F887F376-5221-4C82-9DED-0B991FB90D90} = {AA619411-1D80-4167-9BB6-84534B676BEB}
		{E0EA4CE1-6B70-40B3-A5DE-8DAFEAE01FDC} = {AA619411-1D80-4167-9BB6-84534B676BEB}
		{245D1074-ABD4-456C-95D8-6C5F06CB6C9E} = {AA619411-1D80-4167-9BB6-84534B676BEB}
		{81666F0E-D457-4634-84BB-20DF6D4CCFF4} = {AA619411-1D80-4167-9BB6-84534B676BEB}
		{5D3784A7-CC3B-43FE-8AF3-8C996ADBC4E1} = {AA619411-1D80-4167-9BB6-84534B676BEB}
		{B1BBC377-DAE1-4638-5A7A-2AB159EE8BB8} = {2E2D7A71-B62D-4EE3-AC3E-1AECF61D0583}
		{9A88290A-F721-47C8-B3F1-E9B8DC7EFF2E} = {02EA681E-C7D8-13C7-8484-4AC65E1B71E8}
		{A33F78A1-9797-47F2-A93E-BA1963E3C0BD} = {02EA681E-C7D8-13C7-8484-4AC65E1B71E8}
		{CDF12695-0331-4414-916C-C208FA39BA1E} = {02EA681E-C7D8-13C7-8484-4AC65E1B71E8}
	EndGlobalSection
	GlobalSection(ExtensibilityGlobals) = postSolution
		SolutionGuid = {524016A6-E08B-4DAE-AE79-520996BA0E65}
	EndGlobalSection
	GlobalSection(SharedMSBuildProjectFiles) = preSolution
		src\core\Riverside.Toolkit.Controls\Riverside.Toolkit.Controls.projitems*{19b394fa-b98d-48a5-8f1e-b26a9c8b5d02}*SharedItemsImports = 13
		src\core\Riverside.Toolkit.Helpers\Riverside.Toolkit.Helpers.projitems*{245d1074-abd4-456c-95d8-6c5f06cb6c9e}*SharedItemsImports = 5
		src\core\Riverside.Toolkit.Services\Riverside.Toolkit.Services.projitems*{3b5ea938-c616-4c16-9903-79496026c076}*SharedItemsImports = 13
		src\core\Riverside.Toolkit.Brushes\Riverside.Toolkit.Brushes.projitems*{3d089f33-fb4b-4ae4-8208-aa7813538b00}*SharedItemsImports = 5
		src\core\Riverside.Toolkit.Icons\Riverside.Toolkit.Icons.projitems*{3e95bc91-1c4a-4f02-af75-6ab809fd8e8c}*SharedItemsImports = 5
		src\core\Riverside.Toolkit.Converters\Riverside.Toolkit.Converters.projitems*{51a3ab3b-672d-40c3-9a4a-6bccdf0486a9}*SharedItemsImports = 5
		src\core\Riverside.Toolkit.Services\Riverside.Toolkit.Services.projitems*{582d77aa-34b5-41dc-9fde-383d1ef5f1b0}*SharedItemsImports = 5
		src\core\Riverside.Toolkit.Services\Riverside.Toolkit.Services.projitems*{5d3784a7-cc3b-43fe-8af3-8c996adbc4e1}*SharedItemsImports = 5
		src\core\Riverside.Toolkit.Helpers\Riverside.Toolkit.Helpers.projitems*{5f02e135-6996-4fea-b5c0-6632bb809d3d}*SharedItemsImports = 5
		src\core\Riverside.Toolkit.Controls\Riverside.Toolkit.Controls.projitems*{641d8078-40a5-4d8e-ba78-6fdfb29e4c65}*SharedItemsImports = 5
		src\core\Riverside.Toolkit.Animations\Riverside.Toolkit.Animations.projitems*{737e04d9-8a42-4a00-b819-4fc537669077}*SharedItemsImports = 13
		src\core\Riverside.Toolkit.Icons\Riverside.Toolkit.Icons.projitems*{7f5b70dd-156b-4126-9463-39ab04b696ea}*SharedItemsImports = 13
		src\core\Riverside.Toolkit.Icons\Riverside.Toolkit.Icons.projitems*{81666f0e-d457-4634-84bb-20df6d4ccff4}*SharedItemsImports = 5
		src\core\Riverside.Toolkit.Converters\Riverside.Toolkit.Converters.projitems*{8dad09c9-fe74-41aa-8dfd-a0eef93469ad}*SharedItemsImports = 13
		src\core\Riverside.Toolkit.Helpers\Riverside.Toolkit.Helpers.projitems*{8ebaea2a-405d-4f0f-adca-cea72d53a527}*SharedItemsImports = 13
		src\extensions\Riverside.Extensions.UAP\Riverside.Extensions.UAP.projitems*{9a88290a-f721-47c8-b3f1-e9b8dc7eff2e}*SharedItemsImports = 13
		src\extensions\Riverside.Extensions.WinUI\Riverside.Extensions.WinUI.projitems*{a33f78a1-9797-47f2-a93e-ba1963e3c0bd}*SharedItemsImports = 13
		src\core\Riverside.Toolkit.Brushes\Riverside.Toolkit.Brushes.projitems*{bcdc11ec-a933-4b7b-829b-58af5aa5dd14}*SharedItemsImports = 13
		src\core\Riverside.Toolkit.Animations\Riverside.Toolkit.Animations.projitems*{c51f5c87-f211-4072-b1f0-6c1367b31cdf}*SharedItemsImports = 5
		src\core\Riverside.Toolkit.Animations\Riverside.Toolkit.Animations.projitems*{c86be1ea-d056-442b-b09a-ed660763631b}*SharedItemsImports = 5
		src\extensions\Riverside.Extensions.Versioning\Riverside.Extensions.Versioning.projitems*{cdf12695-0331-4414-916c-c208fa39ba1e}*SharedItemsImports = 13
		src\core\Riverside.Toolkit.Controls\Riverside.Toolkit.Controls.projitems*{e0ea4ce1-6b70-40b3-a5de-8dafeae01fdc}*SharedItemsImports = 5
		src\core\Riverside.Toolkit.Brushes\Riverside.Toolkit.Brushes.projitems*{f887f376-5221-4c82-9ded-0b991fb90d90}*SharedItemsImports = 5
	EndGlobalSection
EndGlobal
